# This file is autogenerated, do not edit; changes may be undone by the next 'dep ensure'.


[[projects]]
  digest = "1:14a90eb1290bd0aa42848afa9ee2c9ce247abdb63c2cf614331670119760962f"
  name = "github.com/Masterminds/squirrel"
  packages = ["."]
  pruneopts = "UT"
  revision = "fa735ea14f09f8685fcf5e75db091feb5a410730"
  version = "v1.1.0"

[[projects]]
  digest = "1:c06d9e11d955af78ac3bbb26bd02e01d2f61f689e1a3bce2ef6fb683ef8a7f2d"
  name = "github.com/alecthomas/kingpin"
  packages = ["."]
  pruneopts = "UT"
  revision = "947dcec5ba9c011838740e680966fd7087a71d0d"
  version = "v2.2.6"

[[projects]]
  branch = "master"
  digest = "1:125f098c5294814b5d9ce2194f03a435c35a6208f029e61681bed9a893d68133"
  name = "github.com/alecthomas/template"
  packages = [
    ".",
    "parse",
  ]
  pruneopts = "UT"
  revision = "fb15b899a75114aa79cc930e33c46b577cc664b1"

[[projects]]
  branch = "master"
  digest = "1:4be0754e8ae810a4cc3b41f0dda393d9d0e22f3589c9a81120e00c925deb4f9c"
  name = "github.com/alecthomas/units"
  packages = ["."]
  pruneopts = "UT"
  revision = "680d30ca31172657fa50e996eb82d790d1d8b96e"

[[projects]]
  digest = "1:fed1f537c2f1269fe475a8556c393fe466641682d73ef8fd0491cd3aa1e47bad"
  name = "github.com/certifi/gocertifi"
  packages = ["."]
  pruneopts = "UT"
  revision = "deb3ae2ef2610fde3330947281941c562861188b"
  version = "2018.01.18"

[[projects]]
  digest = "1:2faeefda33c255e905c48ce82c2c64bd02eda980ab639d5aa0d6fc21e061c78e"
  name = "github.com/evalphobia/logrus_sentry"
  packages = ["."]
  pruneopts = "UT"
  revision = "ab0fa2ee9517a8e8c1de1c07e492e8164f852529"
  version = "v0.8.2"

[[projects]]
  digest = "1:abeb38ade3f32a92943e5be54f55ed6d6e3b6602761d74b4aab4c9dd45c18abd"
  name = "github.com/fsnotify/fsnotify"
  packages = ["."]
  pruneopts = "UT"
  revision = "c2828203cd70a50dcccfb2761f8b1f8ceef9a8e9"
  version = "v1.4.7"

[[projects]]
  digest = "1:adf7ed61b4a95312e47ae2c3507d67b4729d89fd3c032c319d9684a7a02f9e42"
  name = "github.com/gemnasium/logrus-graylog-hook"
  packages = ["."]
  pruneopts = "UT"
  revision = "b3082031ff2ac00241f0499cafca1dfabec6b387"
  version = "v3.0.2"

[[projects]]
  digest = "1:d18f6f088d7d8365df47f49dfa24b6ff6701a941118ffda30c589d1bd954074b"
  name = "github.com/getsentry/raven-go"
  packages = ["."]
  pruneopts = "UT"
  revision = "f04e7487e9a6b9d9837d52743fb5f40576c56411"
  version = "v0.2.0"

[[projects]]
  digest = "1:5672cac2a0190dbb0658806e0f8e220ae4a4120451603504c22ef89a1126c109"
  name = "github.com/go-ozzo/ozzo-validation"
  packages = ["."]
  pruneopts = "UT"
  revision = "199b55b36bc1af151e6eea487cc92ffa5b460b81"
  version = "v3.6.0"

[[projects]]
  branch = "master"
  digest = "1:31ef484bcc20b3277eb503c82ef1efd5c87d389f21ac1dae03a992069703b1c7"
  name = "github.com/gocarina/gocsv"
  packages = ["."]
  pruneopts = "UT"
  revision = "09be0c8175b684a87439f1a5dffb7e162be5bb8b"

[[projects]]
  digest = "1:c0d19ab64b32ce9fe5cf4ddceba78d5bc9807f0016db6b1183599da3dcc24d10"
  name = "github.com/hashicorp/hcl"
  packages = [
    ".",
    "hcl/ast",
    "hcl/parser",
    "hcl/printer",
    "hcl/scanner",
    "hcl/strconv",
    "hcl/token",
    "json/parser",
    "json/scanner",
    "json/token",
  ]
  pruneopts = "UT"
  revision = "8cb6e5b959231cc1119e43259c4a608f9c51a241"
  version = "v1.0.0"

[[projects]]
  digest = "1:6c41d4f998a03b6604227ccad36edaed6126c397e5d78709ef4814a1145a6757"
  name = "github.com/jmoiron/sqlx"
  packages = [
    ".",
    "reflectx",
  ]
  pruneopts = "UT"
  revision = "d161d7a76b5661016ad0b085869f77fd410f3e6a"
  version = "v1.2.0"

[[projects]]
  digest = "1:31e761d97c76151dde79e9d28964a812c46efc5baee4085b86f68f0c654450de"
  name = "github.com/konsorten/go-windows-terminal-sequences"
  packages = ["."]
  pruneopts = "UT"
  revision = "f55edac94c9bbba5d6182a4be46d86a2c9b5b50e"
  version = "v1.0.2"

[[projects]]
  branch = "master"
  digest = "1:a7fc52742a5d011497b6a24024c857d260f809083424cd84110c9e40c34f64fc"
  name = "github.com/lann/builder"
  packages = ["."]
  pruneopts = "UT"
  revision = "47ae307949d02aa1f1069fdafc00ca08e1dbabac"

[[projects]]
  branch = "master"
  digest = "1:225499d25a9f1486f3b77cdc4f7d6590c506c3839bb9d8497113f6d19676d54a"
  name = "github.com/lann/ps"
  packages = ["."]
  pruneopts = "UT"
  revision = "62de8c46ede02a7675c4c79c84883eb164cb71e3"

[[projects]]
  digest = "1:12cb143f2148bf54bcd9fe622abac17325e85eeb1d84b8ec6caf1c80232108fd"
  name = "github.com/lib/pq"
  packages = [
    ".",
    "oid",
    "scram",
  ]
  pruneopts = "UT"
  revision = "3427c32cb71afc948325f299f040e53c1dd78979"
  version = "v1.2.0"

[[projects]]
  digest = "1:5a0ef768465592efca0412f7e838cdc0826712f8447e70e6ccc52eb441e9ab13"
  name = "github.com/magiconair/properties"
  packages = ["."]
  pruneopts = "UT"
  revision = "de8848e004dd33dc07a2947b3d76f618a7fc7ef1"
  version = "v1.8.1"

[[projects]]
  digest = "1:53bc4cd4914cd7cd52139990d5170d6dc99067ae31c56530621b18b35fc30318"
  name = "github.com/mitchellh/mapstructure"
  packages = ["."]
  pruneopts = "UT"
  revision = "3536a929edddb9a5b34bd6861dc4a9647cb459fe"
  version = "v1.1.2"

[[projects]]
  digest = "1:93131d8002d7025da13582877c32d1fc302486775a1b06f62241741006428c5e"
  name = "github.com/pelletier/go-toml"
  packages = ["."]
  pruneopts = "UT"
  revision = "728039f679cbcd4f6a54e080d2219a4c4928c546"
  version = "v1.4.0"

[[projects]]
  digest = "1:cf31692c14422fa27c83a05292eb5cbe0fb2775972e8f1f8446a71549bd8980b"
  name = "github.com/pkg/errors"
  packages = ["."]
  pruneopts = "UT"
  revision = "ba968bfe8b2f7e042a574c888954fccecfa385b4"
  version = "v0.8.1"

[[projects]]
  digest = "1:81e02c4edb639c80559c0650f9401d3e2dcc3256d1fa215382bb7c83c1db9126"
  name = "github.com/shopspring/decimal"
  packages = ["."]
  pruneopts = "UT"
  revision = "cd690d0c9e2447b1ef2a129a6b7b49077da89b8e"
  version = "1.1.0"

[[projects]]
  digest = "1:04457f9f6f3ffc5fea48e71d62f2ca256637dee0a04d710288e27e05c8b41976"
  name = "github.com/sirupsen/logrus"
  packages = ["."]
  pruneopts = "UT"
  revision = "839c75faf7f98a33d445d181f3018b5c3409a45e"
  version = "v1.4.2"

[[projects]]
  digest = "1:bb495ec276ab82d3dd08504bbc0594a65de8c3b22c6f2aaa92d05b73fbf3a82e"
  name = "github.com/spf13/afero"
  packages = [
    ".",
    "mem",
  ]
  pruneopts = "UT"
  revision = "588a75ec4f32903aa5e39a2619ba6a4631e28424"
  version = "v1.2.2"

[[projects]]
  digest = "1:08d65904057412fc0270fc4812a1c90c594186819243160dc779a402d4b6d0bc"
  name = "github.com/spf13/cast"
  packages = ["."]
  pruneopts = "UT"
  revision = "8c9545af88b134710ab1cd196795e7f2388358d7"
  version = "v1.3.0"

[[projects]]
  digest = "1:1b753ec16506f5864d26a28b43703c58831255059644351bbcb019b843950900"
  name = "github.com/spf13/jwalterweatherman"
  packages = ["."]
  pruneopts = "UT"
  revision = "94f6ae3ed3bceceafa716478c5fbf8d29ca601a1"
  version = "v1.1.0"

[[projects]]
  digest = "1:524b71991fc7d9246cc7dc2d9e0886ccb97648091c63e30eef619e6862c955dd"
  name = "github.com/spf13/pflag"
  packages = ["."]
  pruneopts = "UT"
  revision = "2e9d26c8c37aae03e3f9d4e90b7116f5accb7cab"
  version = "v1.0.5"

[[projects]]
  digest = "1:11118bd196646c6515fea3d6c43f66162833c6ae4939bfb229b9956d91c6cf17"
  name = "github.com/spf13/viper"
  packages = ["."]
  pruneopts = "UT"
  revision = "b5bf975e5823809fb22c7644d008757f78a4259e"
  version = "v1.4.0"

[[projects]]
  digest = "1:dd08a3819dd8ddd8e6f76b89dc1b9bf26027f918c226eb91b8c0e7ae89d13214"
  name = "gitlab.com/distributed_lab/figure"
  packages = ["."]
  pruneopts = "UT"
  revision = "890e03e8bfd26b2e3cb80cd5d95d4723ef10e0e2"
  version = "v2.1.0"

[[projects]]
  digest = "1:94d87b7ab93101956719df63eb0e0fd838dd28d58c4fd9a3106ed0714bb885b3"
  name = "gitlab.com/distributed_lab/kit"
  packages = [
    "comfig",
    "kv",
    "pgdb",
  ]
  pruneopts = "UT"
  revision = "68fa3af41ebb45da48be9db7739f68b9cc429930"
  version = "v1.1.0"

[[projects]]
  digest = "1:5c74250e2fc48f2fc18808f58640b9b030a76e6eca083486a227441f0803be19"
  name = "gitlab.com/distributed_lab/logan"
  packages = [
    "v3",
    "v3/errors",
    "v3/fields",
  ]
  pruneopts = "UT"
  revision = "df004fabe2425cd853d9787ec32b04189a22762f"
  version = "v3.7.1"

[[projects]]
  branch = "master"
  digest = "1:efaeaf7e03393d54963ece1e4c1866915d712a07adf4be8ea8105a67e3418e8f"
  name = "golang.org/x/sys"
  packages = ["unix"]
  pruneopts = "UT"
  revision = "ef0ce1748380fdf001bd0ff86a45329a12945357"

[[projects]]
  digest = "1:1093f2eb4b344996604f7d8b29a16c5b22ab9e1b25652140d3fede39f640d5cd"
  name = "golang.org/x/text"
  packages = [
    "internal/gen",
    "internal/triegen",
    "internal/ucd",
    "transform",
    "unicode/cldr",
    "unicode/norm",
  ]
  pruneopts = "UT"
  revision = "342b2e1fbaa52c93f31447ad2c6abc048c63e475"
  version = "v0.3.2"

[[projects]]
  digest = "1:4d2e5a73dc1500038e504a8d78b986630e3626dc027bc030ba5c75da257cdb96"
  name = "gopkg.in/yaml.v2"
  packages = ["."]
  pruneopts = "UT"
  revision = "51d6538a90f86fe93ac480b35f37b2be17fef232"
  version = "v2.2.2"

[solve-meta]
  analyzer-name = "dep"
  analyzer-version = 1
  input-imports = [
    "github.com/Masterminds/squirrel",
    "github.com/alecthomas/kingpin",
    "github.com/go-ozzo/ozzo-validation",
    "github.com/gocarina/gocsv",
    "github.com/pkg/errors",
    "github.com/shopspring/decimal",
    "gitlab.com/distributed_lab/figure",
    "gitlab.com/distributed_lab/kit/comfig",
    "gitlab.com/distributed_lab/kit/kv",
    "gitlab.com/distributed_lab/kit/pgdb",
    "gitlab.com/distributed_lab/logan/v3/errors",
  ]
  solver-name = "gps-cdcl"
  solver-version = 1
